
Microsoft Visual Studio Solution File, Format Version 12.00
# Visual Studio Version 16
VisualStudioVersion = 16.0.31313.79
MinimumVisualStudioVersion = 10.0.40219.1
Project("{888888A0-9F3D-457C-B088-3A5042F75D52}") = "Assignment6", "Assignment6\Assignment6.pyproj", "{0B40FA4B-7012-4585-AE43-C0C8778ADE5E}"
EndProject
Global
	GlobalSection(SolutionConfigurationPlatforms) = preSolution
		Debug|Any CPU = Debug|Any CPU
		Release|Any CPU = Release|Any CPU
	EndGlobalSection
	GlobalSection(ProjectConfigurationPlatforms) = postSolution
		{0B40FA4B-7012-4585-AE43-C0C8778ADE5E}.Debug|Any CPU.ActiveCfg = Debug|Any CPU
		{0B40FA4B-7012-4585-AE43-C0C8778ADE5E}.Release|Any CPU.ActiveCfg = Release|Any CPU
	EndGlobalSection
	GlobalSection(SolutionProperties) = preSolution
		HideSolutionNode = FALSE
	EndGlobalSection
	GlobalSection(ExtensibilityGlobals) = postSolution
		SolutionGuid = {85D586B3-839B-411F-9778-D537F60CD59C}
	EndGlobalSection
EndGlobal
